// !$*UTF8*$!
{
	archiveVersion = 1;
	classes = {
	};
	objectVersion = 46;
	objects = {

/* Begin PBXBuildFile section */
		EE6CA19E1A2B8F6F00E6FC9A /* AppDelegate.swift in Sources */ = {isa = PBXBuildFile; fileRef = EE6CA19D1A2B8F6F00E6FC9A /* AppDelegate.swift */; };
		EE6CA1A81A2B8F6F00E6FC9A /* Images.xcassets in Resources */ = {isa = PBXBuildFile; fileRef = EE6CA1A71A2B8F6F00E6FC9A /* Images.xcassets */; };
		EE6CA1B71A2B8F6F00E6FC9A /* RemoletTests.swift in Sources */ = {isa = PBXBuildFile; fileRef = EE6CA1B61A2B8F6F00E6FC9A /* RemoletTests.swift */; };
		EE7F2B141A92E2FC004A3659 /* libc++.dylib in Frameworks */ = {isa = PBXBuildFile; fileRef = EE7F2B131A92E2FC004A3659 /* libc++.dylib */; };
		EE7F2B1D1A92E77A004A3659 /* InputViewCtl.swift in Sources */ = {isa = PBXBuildFile; fileRef = EE7F2B1C1A92E77A004A3659 /* InputViewCtl.swift */; };
		EE7F2B1F1A9319D4004A3659 /* LongPressThenSwipeActionView.swift in Sources */ = {isa = PBXBuildFile; fileRef = EE7F2B1E1A9319D4004A3659 /* LongPressThenSwipeActionView.swift */; };
		EEBAF7F51A8BEAEB00CDD975 /* TapToActView.swift in Sources */ = {isa = PBXBuildFile; fileRef = EEBAF7F41A8BEAEB00CDD975 /* TapToActView.swift */; };
		EEBCB4B81A99186B001D1DF9 /* ContentsView.swift in Sources */ = {isa = PBXBuildFile; fileRef = EEBCB4B71A99186B001D1DF9 /* ContentsView.swift */; };
		EEBD7D251A9C268000C74A87 /* MoveThenExpandTextViewCtl.swift in Sources */ = {isa = PBXBuildFile; fileRef = EEBD7D241A9C268000C74A87 /* MoveThenExpandTextViewCtl.swift */; };
		EECA76171A91BCDA0077E9AE /* Card.swift in Sources */ = {isa = PBXBuildFile; fileRef = EECA76161A91BCDA0077E9AE /* Card.swift */; };
		EECA76191A91BE920077E9AE /* ListCtl.swift in Sources */ = {isa = PBXBuildFile; fileRef = EECA76181A91BE920077E9AE /* ListCtl.swift */; };
		EECA761B1A91C6880077E9AE /* CardsViewCtl.swift in Sources */ = {isa = PBXBuildFile; fileRef = EECA761A1A91C6880077E9AE /* CardsViewCtl.swift */; };
		EECD15C91A7F191C00032E21 /* InfiniteHorizontalScrolledPageView.swift in Sources */ = {isa = PBXBuildFile; fileRef = EECD15C81A7F191C00032E21 /* InfiniteHorizontalScrolledPageView.swift */; };
		EED0F4F11A8005C700FA1977 /* VerticalScrollSwitchView.swift in Sources */ = {isa = PBXBuildFile; fileRef = EED0F4F01A8005C700FA1977 /* VerticalScrollSwitchView.swift */; };
		EEDB05D41A871A8400801902 /* RootViewCtl.swift in Sources */ = {isa = PBXBuildFile; fileRef = EEDB05D31A871A8400801902 /* RootViewCtl.swift */; };
/* End PBXBuildFile section */

/* Begin PBXContainerItemProxy section */
		EE6CA1B11A2B8F6F00E6FC9A /* PBXContainerItemProxy */ = {
			isa = PBXContainerItemProxy;
			containerPortal = EE6CA1901A2B8F6F00E6FC9A /* Project object */;
			proxyType = 1;
			remoteGlobalIDString = EE6CA1971A2B8F6F00E6FC9A;
			remoteInfo = Remolet;
		};
/* End PBXContainerItemProxy section */

/* Begin PBXCopyFilesBuildPhase section */
		EECF991D1A2E52AE004100D4 /* CopyFiles */ = {
			isa = PBXCopyFilesBuildPhase;
			buildActionMask = 2147483647;
			dstPath = "";
			dstSubfolderSpec = 10;
			files = (
			);
			runOnlyForDeploymentPostprocessing = 0;
		};
/* End PBXCopyFilesBuildPhase section */

/* Begin PBXFileReference section */
		7AA71AB5AD4B8B6B921E6316 /* libPods-RemoletTests.a */ = {isa = PBXFileReference; explicitFileType = archive.ar; includeInIndex = 0; path = "libPods-RemoletTests.a"; sourceTree = BUILT_PRODUCTS_DIR; };
		8EBF336473E8042FC79EC30B /* libPods-Remolet.a */ = {isa = PBXFileReference; explicitFileType = archive.ar; includeInIndex = 0; path = "libPods-Remolet.a"; sourceTree = BUILT_PRODUCTS_DIR; };
		EE6CA1981A2B8F6F00E6FC9A /* Remolet.app */ = {isa = PBXFileReference; explicitFileType = wrapper.application; includeInIndex = 0; path = Remolet.app; sourceTree = BUILT_PRODUCTS_DIR; };
		EE6CA19C1A2B8F6F00E6FC9A /* Info.plist */ = {isa = PBXFileReference; lastKnownFileType = text.plist.xml; path = Info.plist; sourceTree = "<group>"; };
		EE6CA19D1A2B8F6F00E6FC9A /* AppDelegate.swift */ = {isa = PBXFileReference; lastKnownFileType = sourcecode.swift; path = AppDelegate.swift; sourceTree = "<group>"; };
		EE6CA1A21A2B8F6F00E6FC9A /* ViewController.swift */ = {isa = PBXFileReference; lastKnownFileType = sourcecode.swift; path = ViewController.swift; sourceTree = "<group>"; };
		EE6CA1A71A2B8F6F00E6FC9A /* Images.xcassets */ = {isa = PBXFileReference; lastKnownFileType = folder.assetcatalog; path = Images.xcassets; sourceTree = "<group>"; };
		EE6CA1AA1A2B8F6F00E6FC9A /* Base */ = {isa = PBXFileReference; lastKnownFileType = file.xib; name = Base; path = Base.lproj/LaunchScreen.xib; sourceTree = "<group>"; };
		EE6CA1B01A2B8F6F00E6FC9A /* RemoletTests.xctest */ = {isa = PBXFileReference; explicitFileType = wrapper.cfbundle; includeInIndex = 0; path = RemoletTests.xctest; sourceTree = BUILT_PRODUCTS_DIR; };
		EE6CA1B51A2B8F6F00E6FC9A /* Info.plist */ = {isa = PBXFileReference; lastKnownFileType = text.plist.xml; path = Info.plist; sourceTree = "<group>"; };
		EE6CA1B61A2B8F6F00E6FC9A /* RemoletTests.swift */ = {isa = PBXFileReference; lastKnownFileType = sourcecode.swift; path = RemoletTests.swift; sourceTree = "<group>"; };
		EE6CA1C01A2BFE5B00E6FC9A /* REOperationMgr.swift */ = {isa = PBXFileReference; fileEncoding = 4; lastKnownFileType = sourcecode.swift; path = REOperationMgr.swift; sourceTree = "<group>"; };
		EE7F2B131A92E2FC004A3659 /* libc++.dylib */ = {isa = PBXFileReference; lastKnownFileType = "compiled.mach-o.dylib"; name = "libc++.dylib"; path = "usr/lib/libc++.dylib"; sourceTree = SDKROOT; };
		EE7F2B1C1A92E77A004A3659 /* InputViewCtl.swift */ = {isa = PBXFileReference; fileEncoding = 4; lastKnownFileType = sourcecode.swift; path = InputViewCtl.swift; sourceTree = "<group>"; };
		EE7F2B1E1A9319D4004A3659 /* LongPressThenSwipeActionView.swift */ = {isa = PBXFileReference; fileEncoding = 4; lastKnownFileType = sourcecode.swift; path = LongPressThenSwipeActionView.swift; sourceTree = "<group>"; };
		EEBAF7F41A8BEAEB00CDD975 /* TapToActView.swift */ = {isa = PBXFileReference; fileEncoding = 4; lastKnownFileType = sourcecode.swift; path = TapToActView.swift; sourceTree = "<group>"; };
		EEBCB4B71A99186B001D1DF9 /* ContentsView.swift */ = {isa = PBXFileReference; fileEncoding = 4; lastKnownFileType = sourcecode.swift; path = ContentsView.swift; sourceTree = "<group>"; };
		EEBD7D241A9C268000C74A87 /* MoveThenExpandTextViewCtl.swift */ = {isa = PBXFileReference; fileEncoding = 4; lastKnownFileType = sourcecode.swift; path = MoveThenExpandTextViewCtl.swift; sourceTree = "<group>"; };
		EEC3D4101AA37E3000F4669D /* UnusedFunctions.swift */ = {isa = PBXFileReference; fileEncoding = 4; lastKnownFileType = sourcecode.swift; path = UnusedFunctions.swift; sourceTree = "<group>"; };
		EECA76161A91BCDA0077E9AE /* Card.swift */ = {isa = PBXFileReference; fileEncoding = 4; lastKnownFileType = sourcecode.swift; path = Card.swift; sourceTree = "<group>"; };
		EECA76181A91BE920077E9AE /* ListCtl.swift */ = {isa = PBXFileReference; fileEncoding = 4; lastKnownFileType = sourcecode.swift; path = ListCtl.swift; sourceTree = "<group>"; };
		EECA761A1A91C6880077E9AE /* CardsViewCtl.swift */ = {isa = PBXFileReference; fileEncoding = 4; lastKnownFileType = sourcecode.swift; path = CardsViewCtl.swift; sourceTree = "<group>"; };
		EECD15C81A7F191C00032E21 /* InfiniteHorizontalScrolledPageView.swift */ = {isa = PBXFileReference; fileEncoding = 4; lastKnownFileType = sourcecode.swift; path = InfiniteHorizontalScrolledPageView.swift; sourceTree = "<group>"; };
		EECE16781A34DB220017F984 /* REDataWorker.swift */ = {isa = PBXFileReference; fileEncoding = 4; lastKnownFileType = sourcecode.swift; path = REDataWorker.swift; sourceTree = "<group>"; };
		EECE167A1A3555630017F984 /* REListView.swift */ = {isa = PBXFileReference; fileEncoding = 4; lastKnownFileType = sourcecode.swift; path = REListView.swift; sourceTree = "<group>"; };
		EED04BB71A32BAB700A9FFFF /* MyPlayground.playground */ = {isa = PBXFileReference; lastKnownFileType = file.playground; path = MyPlayground.playground; sourceTree = "<group>"; };
		EED0EFB41A2CE703003BD758 /* REDbWorker.swift */ = {isa = PBXFileReference; fileEncoding = 4; lastKnownFileType = sourcecode.swift; path = REDbWorker.swift; sourceTree = "<group>"; };
		EED0F4F01A8005C700FA1977 /* VerticalScrollSwitchView.swift */ = {isa = PBXFileReference; fileEncoding = 4; lastKnownFileType = sourcecode.swift; path = VerticalScrollSwitchView.swift; sourceTree = "<group>"; };
		EEDB05D31A871A8400801902 /* RootViewCtl.swift */ = {isa = PBXFileReference; fileEncoding = 4; lastKnownFileType = sourcecode.swift; path = RootViewCtl.swift; sourceTree = "<group>"; };
/* End PBXFileReference section */

/* Begin PBXFrameworksBuildPhase section */
		EE6CA1951A2B8F6F00E6FC9A /* Frameworks */ = {
			isa = PBXFrameworksBuildPhase;
			buildActionMask = 2147483647;
			files = (
				EE7F2B141A92E2FC004A3659 /* libc++.dylib in Frameworks */,
			);
			runOnlyForDeploymentPostprocessing = 0;
		};
		EE6CA1AD1A2B8F6F00E6FC9A /* Frameworks */ = {
			isa = PBXFrameworksBuildPhase;
			buildActionMask = 2147483647;
			files = (
			);
			runOnlyForDeploymentPostprocessing = 0;
		};
/* End PBXFrameworksBuildPhase section */

/* Begin PBXGroup section */
		EE6CA18F1A2B8F6F00E6FC9A = {
			isa = PBXGroup;
			children = (
				EE6CA19A1A2B8F6F00E6FC9A /* Remolet */,
				EE6CA1B31A2B8F6F00E6FC9A /* RemoletTests */,
				EE6CA1991A2B8F6F00E6FC9A /* Products */,
				FD37469A4612C5356CA1BCFD /* Frameworks */,
			);
			sourceTree = "<group>";
		};
		EE6CA1991A2B8F6F00E6FC9A /* Products */ = {
			isa = PBXGroup;
			children = (
				EE6CA1981A2B8F6F00E6FC9A /* Remolet.app */,
				EE6CA1B01A2B8F6F00E6FC9A /* RemoletTests.xctest */,
			);
			name = Products;
			sourceTree = "<group>";
		};
		EE6CA19A1A2B8F6F00E6FC9A /* Remolet */ = {
			isa = PBXGroup;
			children = (
				EE6CA19D1A2B8F6F00E6FC9A /* AppDelegate.swift */,
				EEDB05D31A871A8400801902 /* RootViewCtl.swift */,
				EECD15C81A7F191C00032E21 /* InfiniteHorizontalScrolledPageView.swift */,
				EED0F4F01A8005C700FA1977 /* VerticalScrollSwitchView.swift */,
				EE7F2B1C1A92E77A004A3659 /* InputViewCtl.swift */,
				EE7F2B1E1A9319D4004A3659 /* LongPressThenSwipeActionView.swift */,
				EEBCB4B71A99186B001D1DF9 /* ContentsView.swift */,
				EEBD7D241A9C268000C74A87 /* MoveThenExpandTextViewCtl.swift */,
				EEBAF7F41A8BEAEB00CDD975 /* TapToActView.swift */,
				EECA76161A91BCDA0077E9AE /* Card.swift */,
				EECA76181A91BE920077E9AE /* ListCtl.swift */,
				EECA761A1A91C6880077E9AE /* CardsViewCtl.swift */,
				EE6CA1A21A2B8F6F00E6FC9A /* ViewController.swift */,
				EECD15C71A7F16A200032E21 /* Files Not In Use */,
				EED04BB71A32BAB700A9FFFF /* MyPlayground.playground */,
				EE6CA1A71A2B8F6F00E6FC9A /* Images.xcassets */,
				EE6CA1A91A2B8F6F00E6FC9A /* LaunchScreen.xib */,
				EED17F131A2D8BD8004A1AEE /* Db */,
				EE6CA19B1A2B8F6F00E6FC9A /* Supporting Files */,
			);
			path = Remolet;
			sourceTree = "<group>";
		};
		EE6CA19B1A2B8F6F00E6FC9A /* Supporting Files */ = {
			isa = PBXGroup;
			children = (
				EE6CA19C1A2B8F6F00E6FC9A /* Info.plist */,
			);
			name = "Supporting Files";
			sourceTree = "<group>";
		};
		EE6CA1B31A2B8F6F00E6FC9A /* RemoletTests */ = {
			isa = PBXGroup;
			children = (
				EE6CA1B61A2B8F6F00E6FC9A /* RemoletTests.swift */,
				EE6CA1B41A2B8F6F00E6FC9A /* Supporting Files */,
			);
			path = RemoletTests;
			sourceTree = "<group>";
		};
		EE6CA1B41A2B8F6F00E6FC9A /* Supporting Files */ = {
			isa = PBXGroup;
			children = (
				EE6CA1B51A2B8F6F00E6FC9A /* Info.plist */,
			);
			name = "Supporting Files";
			sourceTree = "<group>";
		};
		EECD15C71A7F16A200032E21 /* Files Not In Use */ = {
			isa = PBXGroup;
			children = (
				EE6CA1C01A2BFE5B00E6FC9A /* REOperationMgr.swift */,
				EECE16781A34DB220017F984 /* REDataWorker.swift */,
				EED0EFB41A2CE703003BD758 /* REDbWorker.swift */,
				EECE167A1A3555630017F984 /* REListView.swift */,
				EEC3D4101AA37E3000F4669D /* UnusedFunctions.swift */,
			);
			name = "Files Not In Use";
			sourceTree = "<group>";
		};
		EED17F131A2D8BD8004A1AEE /* Db */ = {
			isa = PBXGroup;
			children = (
			);
			name = Db;
			sourceTree = "<group>";
		};
		FD37469A4612C5356CA1BCFD /* Frameworks */ = {
			isa = PBXGroup;
			children = (
				EE7F2B131A92E2FC004A3659 /* libc++.dylib */,
				8EBF336473E8042FC79EC30B /* libPods-Remolet.a */,
				7AA71AB5AD4B8B6B921E6316 /* libPods-RemoletTests.a */,
			);
			name = Frameworks;
			sourceTree = "<group>";
		};
/* End PBXGroup section */

/* Begin PBXNativeTarget section */
		EE6CA1971A2B8F6F00E6FC9A /* Remolet */ = {
			isa = PBXNativeTarget;
			buildConfigurationList = EE6CA1BA1A2B8F6F00E6FC9A /* Build configuration list for PBXNativeTarget "Remolet" */;
			buildPhases = (
				EE6CA1941A2B8F6F00E6FC9A /* Sources */,
				EE6CA1951A2B8F6F00E6FC9A /* Frameworks */,
				EE6CA1961A2B8F6F00E6FC9A /* Resources */,
				EECF991D1A2E52AE004100D4 /* CopyFiles */,
			);
			buildRules = (
			);
			dependencies = (
			);
			name = Remolet;
			productName = Remolet;
			productReference = EE6CA1981A2B8F6F00E6FC9A /* Remolet.app */;
			productType = "com.apple.product-type.application";
		};
		EE6CA1AF1A2B8F6F00E6FC9A /* RemoletTests */ = {
			isa = PBXNativeTarget;
			buildConfigurationList = EE6CA1BD1A2B8F6F00E6FC9A /* Build configuration list for PBXNativeTarget "RemoletTests" */;
			buildPhases = (
				EE6CA1AC1A2B8F6F00E6FC9A /* Sources */,
				EE6CA1AD1A2B8F6F00E6FC9A /* Frameworks */,
				EE6CA1AE1A2B8F6F00E6FC9A /* Resources */,
			);
			buildRules = (
			);
			dependencies = (
				EE6CA1B21A2B8F6F00E6FC9A /* PBXTargetDependency */,
			);
			name = RemoletTests;
			productName = RemoletTests;
			productReference = EE6CA1B01A2B8F6F00E6FC9A /* RemoletTests.xctest */;
			productType = "com.apple.product-type.bundle.unit-test";
		};
/* End PBXNativeTarget section */

/* Begin PBXProject section */
		EE6CA1901A2B8F6F00E6FC9A /* Project object */ = {
			isa = PBXProject;
			attributes = {
				LastUpgradeCheck = 0610;
				ORGANIZATIONNAME = "Liwei Zhang";
				TargetAttributes = {
					EE6CA1971A2B8F6F00E6FC9A = {
						CreatedOnToolsVersion = 6.1;
						DevelopmentTeam = 4LRPEBVABG;
					};
					EE6CA1AF1A2B8F6F00E6FC9A = {
						CreatedOnToolsVersion = 6.1;
						TestTargetID = EE6CA1971A2B8F6F00E6FC9A;
					};
				};
			};
			buildConfigurationList = EE6CA1931A2B8F6F00E6FC9A /* Build configuration list for PBXProject "Remolet" */;
			compatibilityVersion = "Xcode 3.2";
			developmentRegion = English;
			hasScannedForEncodings = 0;
			knownRegions = (
				en,
				Base,
			);
			mainGroup = EE6CA18F1A2B8F6F00E6FC9A;
			productRefGroup = EE6CA1991A2B8F6F00E6FC9A /* Products */;
			projectDirPath = "";
			projectRoot = "";
			targets = (
				EE6CA1971A2B8F6F00E6FC9A /* Remolet */,
				EE6CA1AF1A2B8F6F00E6FC9A /* RemoletTests */,
			);
		};
/* End PBXProject section */

/* Begin PBXResourcesBuildPhase section */
		EE6CA1961A2B8F6F00E6FC9A /* Resources */ = {
			isa = PBXResourcesBuildPhase;
			buildActionMask = 2147483647;
			files = (
				EE6CA1A81A2B8F6F00E6FC9A /* Images.xcassets in Resources */,
			);
			runOnlyForDeploymentPostprocessing = 0;
		};
		EE6CA1AE1A2B8F6F00E6FC9A /* Resources */ = {
			isa = PBXResourcesBuildPhase;
			buildActionMask = 2147483647;
			files = (
			);
			runOnlyForDeploymentPostprocessing = 0;
		};
/* End PBXResourcesBuildPhase section */

/* Begin PBXSourcesBuildPhase section */
		EE6CA1941A2B8F6F00E6FC9A /* Sources */ = {
			isa = PBXSourcesBuildPhase;
			buildActionMask = 2147483647;
			files = (
				EED0F4F11A8005C700FA1977 /* VerticalScrollSwitchView.swift in Sources */,
				EE6CA19E1A2B8F6F00E6FC9A /* AppDelegate.swift in Sources */,
				EEDB05D41A871A8400801902 /* RootViewCtl.swift in Sources */,
				EEBAF7F51A8BEAEB00CDD975 /* TapToActView.swift in Sources */,
				EECA761B1A91C6880077E9AE /* CardsViewCtl.swift in Sources */,
				EEBD7D251A9C268000C74A87 /* MoveThenExpandTextViewCtl.swift in Sources */,
				EECD15C91A7F191C00032E21 /* InfiniteHorizontalScrolledPageView.swift in Sources */,
				EEBCB4B81A99186B001D1DF9 /* ContentsView.swift in Sources */,
				EE7F2B1F1A9319D4004A3659 /* LongPressThenSwipeActionView.swift in Sources */,
				EECA76171A91BCDA0077E9AE /* Card.swift in Sources */,
				EECA76191A91BE920077E9AE /* ListCtl.swift in Sources */,
				EE7F2B1D1A92E77A004A3659 /* InputViewCtl.swift in Sources */,
			);
			runOnlyForDeploymentPostprocessing = 0;
		};
		EE6CA1AC1A2B8F6F00E6FC9A /* Sources */ = {
			isa = PBXSourcesBuildPhase;
			buildActionMask = 2147483647;
			files = (
				EE6CA1B71A2B8F6F00E6FC9A /* RemoletTests.swift in Sources */,
			);
			runOnlyForDeploymentPostprocessing = 0;
		};
/* End PBXSourcesBuildPhase section */

/* Begin PBXTargetDependency section */
		EE6CA1B21A2B8F6F00E6FC9A /* PBXTargetDependency */ = {
			isa = PBXTargetDependency;
			target = EE6CA1971A2B8F6F00E6FC9A /* Remolet */;
			targetProxy = EE6CA1B11A2B8F6F00E6FC9A /* PBXContainerItemProxy */;
		};
/* End PBXTargetDependency section */

/* Begin PBXVariantGroup section */
		EE6CA1A91A2B8F6F00E6FC9A /* LaunchScreen.xib */ = {
			isa = PBXVariantGroup;
			children = (
				EE6CA1AA1A2B8F6F00E6FC9A /* Base */,
			);
			name = LaunchScreen.xib;
			sourceTree = "<group>";
		};
/* End PBXVariantGroup section */

/* Begin XCBuildConfiguration section */
		EE6CA1B81A2B8F6F00E6FC9A /* Debug */ = {
			isa = XCBuildConfiguration;
			buildSettings = {
				ALWAYS_SEARCH_USER_PATHS = NO;
				CLANG_CXX_LANGUAGE_STANDARD = "gnu++0x";
				CLANG_CXX_LIBRARY = "libc++";
				CLANG_ENABLE_MODULES = YES;
				CLANG_ENABLE_OBJC_ARC = YES;
				CLANG_WARN_BOOL_CONVERSION = YES;
				CLANG_WARN_CONSTANT_CONVERSION = YES;
				CLANG_WARN_DIRECT_OBJC_ISA_USAGE = YES_ERROR;
				CLANG_WARN_EMPTY_BODY = YES;
				CLANG_WARN_ENUM_CONVERSION = YES;
				CLANG_WARN_INT_CONVERSION = YES;
				CLANG_WARN_OBJC_ROOT_CLASS = YES_ERROR;
				CLANG_WARN_UNREACHABLE_CODE = YES;
				CLANG_WARN__DUPLICATE_METHOD_MATCH = YES;
				"CODE_SIGN_IDENTITY[sdk=iphoneos*]" = "iPhone Developer";
				COPY_PHASE_STRIP = NO;
				ENABLE_STRICT_OBJC_MSGSEND = YES;
				GCC_C_LANGUAGE_STANDARD = gnu99;
				GCC_DYNAMIC_NO_PIC = NO;
				GCC_OPTIMIZATION_LEVEL = 0;
				GCC_PREPROCESSOR_DEFINITIONS = (
					"DEBUG=1",
					"$(inherited)",
				);
				GCC_SYMBOLS_PRIVATE_EXTERN = NO;
				GCC_WARN_64_TO_32_BIT_CONVERSION = YES;
				GCC_WARN_ABOUT_RETURN_TYPE = YES_ERROR;
				GCC_WARN_UNDECLARED_SELECTOR = YES;
				GCC_WARN_UNINITIALIZED_AUTOS = YES_AGGRESSIVE;
				GCC_WARN_UNUSED_FUNCTION = YES;
				GCC_WARN_UNUSED_VARIABLE = YES;
				IPHONEOS_DEPLOYMENT_TARGET = 8.1;
				MTL_ENABLE_DEBUG_INFO = YES;
				ONLY_ACTIVE_ARCH = YES;
				SDKROOT = iphoneos;
				SWIFT_OPTIMIZATION_LEVEL = "-Onone";
			};
			name = Debug;
		};
		EE6CA1B91A2B8F6F00E6FC9A /* Release */ = {
			isa = XCBuildConfiguration;
			buildSettings = {
				ALWAYS_SEARCH_USER_PATHS = NO;
				CLANG_CXX_LANGUAGE_STANDARD = "gnu++0x";
				CLANG_CXX_LIBRARY = "libc++";
				CLANG_ENABLE_MODULES = YES;
				CLANG_ENABLE_OBJC_ARC = YES;
				CLANG_WARN_BOOL_CONVERSION = YES;
				CLANG_WARN_CONSTANT_CONVERSION = YES;
				CLANG_WARN_DIRECT_OBJC_ISA_USAGE = YES_ERROR;
				CLANG_WARN_EMPTY_BODY = YES;
				CLANG_WARN_ENUM_CONVERSION = YES;
				CLANG_WARN_INT_CONVERSION = YES;
				CLANG_WARN_OBJC_ROOT_CLASS = YES_ERROR;
				CLANG_WARN_UNREACHABLE_CODE = YES;
				CLANG_WARN__DUPLICATE_METHOD_MATCH = YES;
				"CODE_SIGN_IDENTITY[sdk=iphoneos*]" = "iPhone Developer";
				COPY_PHASE_STRIP = YES;
				ENABLE_NS_ASSERTIONS = NO;
				ENABLE_STRICT_OBJC_MSGSEND = YES;
				GCC_C_LANGUAGE_STANDARD = gnu99;
				GCC_WARN_64_TO_32_BIT_CONVERSION = YES;
				GCC_WARN_ABOUT_RETURN_TYPE = YES_ERROR;
				GCC_WARN_UNDECLARED_SELECTOR = YES;
				GCC_WARN_UNINITIALIZED_AUTOS = YES_AGGRESSIVE;
				GCC_WARN_UNUSED_FUNCTION = YES;
				GCC_WARN_UNUSED_VARIABLE = YES;
				IPHONEOS_DEPLOYMENT_TARGET = 8.1;
				MTL_ENABLE_DEBUG_INFO = NO;
				SDKROOT = iphoneos;
				VALIDATE_PRODUCT = YES;
			};
			name = Release;
		};
		EE6CA1BB1A2B8F6F00E6FC9A /* Debug */ = {
			isa = XCBuildConfiguration;
			buildSettings = {
				ASSETCATALOG_COMPILER_APPICON_NAME = AppIcon;
				CLANG_ENABLE_MODULES = YES;
				CODE_SIGN_IDENTITY = "iPhone Developer";
				FRAMEWORK_SEARCH_PATHS = (
					"$(inherited)",
					"$(PROJECT_DIR)/Remolet/realm-cocoa-0.88.0/ios",
					"$(PROJECT_DIR)/Remolet/realm-cocoa-0.88.0/osx",
					"$(PROJECT_DIR)/Remolet",
				);
				INFOPLIST_FILE = Remolet/Info.plist;
				IPHONEOS_DEPLOYMENT_TARGET = 7.0;
				LD_RUNPATH_SEARCH_PATHS = "$(inherited) @executable_path/Frameworks";
				PRODUCT_NAME = "$(TARGET_NAME)";
				SWIFT_OBJC_BRIDGING_HEADER = "";
				SWIFT_OPTIMIZATION_LEVEL = "-Onone";
			};
			name = Debug;
		};
		EE6CA1BC1A2B8F6F00E6FC9A /* Release */ = {
			isa = XCBuildConfiguration;
			buildSettings = {
				ASSETCATALOG_COMPILER_APPICON_NAME = AppIcon;
				CLANG_ENABLE_MODULES = YES;
				CODE_SIGN_IDENTITY = "iPhone Developer";
				FRAMEWORK_SEARCH_PATHS = (
					"$(inherited)",
					"$(PROJECT_DIR)/Remolet/realm-cocoa-0.88.0/ios",
					"$(PROJECT_DIR)/Remolet/realm-cocoa-0.88.0/osx",
					"$(PROJECT_DIR)/Remolet",
				);
				INFOPLIST_FILE = Remolet/Info.plist;
				IPHONEOS_DEPLOYMENT_TARGET = 7.0;
				LD_RUNPATH_SEARCH_PATHS = "$(inherited) @executable_path/Frameworks";
				PRODUCT_NAME = "$(TARGET_NAME)";
				SWIFT_OBJC_BRIDGING_HEADER = "";
			};
			name = Release;
		};
		EE6CA1BE1A2B8F6F00E6FC9A /* Debug */ = {
			isa = XCBuildConfiguration;
			buildSettings = {
				BUNDLE_LOADER = "$(TEST_HOST)";
				FRAMEWORK_SEARCH_PATHS = (
					"$(SDKROOT)/Developer/Library/Frameworks",
					"$(inherited)",
				);
				GCC_PREPROCESSOR_DEFINITIONS = (
					"DEBUG=1",
					"$(inherited)",
				);
				INFOPLIST_FILE = RemoletTests/Info.plist;
				LD_RUNPATH_SEARCH_PATHS = "$(inherited) @executable_path/Frameworks @loader_path/Frameworks";
				PRODUCT_NAME = "$(TARGET_NAME)";
				TEST_HOST = "$(BUILT_PRODUCTS_DIR)/Remolet.app/Remolet";
			};
			name = Debug;
		};
		EE6CA1BF1A2B8F6F00E6FC9A /* Release */ = {
			isa = XCBuildConfiguration;
			buildSettings = {
				BUNDLE_LOADER = "$(TEST_HOST)";
				FRAMEWORK_SEARCH_PATHS = (
					"$(SDKROOT)/Developer/Library/Frameworks",
					"$(inherited)",
				);
				INFOPLIST_FILE = RemoletTests/Info.plist;
				LD_RUNPATH_SEARCH_PATHS = "$(inherited) @executable_path/Frameworks @loader_path/Frameworks";
				PRODUCT_NAME = "$(TARGET_NAME)";
				TEST_HOST = "$(BUILT_PRODUCTS_DIR)/Remolet.app/Remolet";
			};
			name = Release;
		};
/* End XCBuildConfiguration section */

/* Begin XCConfigurationList section */
		EE6CA1931A2B8F6F00E6FC9A /* Build configuration list for PBXProject "Remolet" */ = {
			isa = XCConfigurationList;
			buildConfigurations = (
				EE6CA1B81A2B8F6F00E6FC9A /* Debug */,
				EE6CA1B91A2B8F6F00E6FC9A /* Release */,
			);
			defaultConfigurationIsVisible = 0;
			defaultConfigurationName = Release;
		};
		EE6CA1BA1A2B8F6F00E6FC9A /* Build configuration list for PBXNativeTarget "Remolet" */ = {
			isa = XCConfigurationList;
			buildConfigurations = (
				EE6CA1BB1A2B8F6F00E6FC9A /* Debug */,
				EE6CA1BC1A2B8F6F00E6FC9A /* Release */,
			);
			defaultConfigurationIsVisible = 0;
			defaultConfigurationName = Release;
		};
		EE6CA1BD1A2B8F6F00E6FC9A /* Build configuration list for PBXNativeTarget "RemoletTests" */ = {
			isa = XCConfigurationList;
			buildConfigurations = (
				EE6CA1BE1A2B8F6F00E6FC9A /* Debug */,
				EE6CA1BF1A2B8F6F00E6FC9A /* Release */,
			);
			defaultConfigurationIsVisible = 0;
			defaultConfigurationName = Release;
		};
/* End XCConfigurationList section */
	};
	rootObject = EE6CA1901A2B8F6F00E6FC9A /* Project object */;
}
